# THIS IS AN AUTOGENERATED FILE. DO NOT EDIT THIS FILE DIRECTLY.
# yarn lockfile v1


"@nestjs/throttler@^6.4.0":
  version "6.4.0"
  resolved "https://registry.yarnpkg.com/@nestjs/throttler/-/throttler-6.4.0.tgz#5060e2157f4e8b0cb7886eef367751700549de5e"
  integrity sha512-osL67i0PUuwU5nqSuJjtUJZMkxAnYB4VldgYUMGzvYRJDCqGRFMWbsbzm/CkUtPLRL30I8T74Xgt/OQxnYokiA==
